// !$*UTF8*$!
{
	archiveVersion = 1;
	classes = {
	};
	objectVersion = 50;
	objects = {

/* Begin PBXBuildFile section */
		92028F8826A956B300AFDDF5 /* AppDelegate.swift in Sources */ = {isa = PBXBuildFile; fileRef = 92028F8726A956B300AFDDF5 /* AppDelegate.swift */; };
		92028F8A26A956B300AFDDF5 /* SceneDelegate.swift in Sources */ = {isa = PBXBuildFile; fileRef = 92028F8926A956B300AFDDF5 /* SceneDelegate.swift */; };
		92028F8C26A956B300AFDDF5 /* ProductListViewController.swift in Sources */ = {isa = PBXBuildFile; fileRef = 92028F8B26A956B300AFDDF5 /* ProductListViewController.swift */; };
		92028F8F26A956B300AFDDF5 /* Main.storyboard in Resources */ = {isa = PBXBuildFile; fileRef = 92028F8D26A956B300AFDDF5 /* Main.storyboard */; };
		92028F9126A956B400AFDDF5 /* Assets.xcassets in Resources */ = {isa = PBXBuildFile; fileRef = 92028F9026A956B400AFDDF5 /* Assets.xcassets */; };
		92028F9426A956B400AFDDF5 /* LaunchScreen.storyboard in Resources */ = {isa = PBXBuildFile; fileRef = 92028F9226A956B400AFDDF5 /* LaunchScreen.storyboard */; };
		92028F9D26A9570500AFDDF5 /* ProductModel.swift in Sources */ = {isa = PBXBuildFile; fileRef = 92028F9C26A9570500AFDDF5 /* ProductModel.swift */; };
		92028FA026A95B0100AFDDF5 /* NetworkManager.swift in Sources */ = {isa = PBXBuildFile; fileRef = 92028F9F26A95B0100AFDDF5 /* NetworkManager.swift */; };
		92028FA226A9612800AFDDF5 /* ProductCell.swift in Sources */ = {isa = PBXBuildFile; fileRef = 92028FA126A9612800AFDDF5 /* ProductCell.swift */; };
		92D2436B26B7D6E400EC63A5 /* ProductViewModel.swift in Sources */ = {isa = PBXBuildFile; fileRef = 92D2436A26B7D6E400EC63A5 /* ProductViewModel.swift */; };
		92E614FA26BA7DC8009DBB2A /* UIImageView + ImageDownload.swift in Sources */ = {isa = PBXBuildFile; fileRef = 92E614F926BA7DC8009DBB2A /* UIImageView + ImageDownload.swift */; };
		92E614FC26BA7E3F009DBB2A /* String + StrikeThroughLabel.swift in Sources */ = {isa = PBXBuildFile; fileRef = 92E614FB26BA7E3F009DBB2A /* String + StrikeThroughLabel.swift */; };
		92E614FE26BA7ECA009DBB2A /* ProductCellViewModel.swift in Sources */ = {isa = PBXBuildFile; fileRef = 92E614FD26BA7ECA009DBB2A /* ProductCellViewModel.swift */; };
/* End PBXBuildFile section */

/* Begin PBXFileReference section */
		92028F8426A956B300AFDDF5 /* ProductUI.app */ = {isa = PBXFileReference; explicitFileType = wrapper.application; includeInIndex = 0; path = ProductUI.app; sourceTree = BUILT_PRODUCTS_DIR; };
		92028F8726A956B300AFDDF5 /* AppDelegate.swift */ = {isa = PBXFileReference; lastKnownFileType = sourcecode.swift; path = AppDelegate.swift; sourceTree = "<group>"; };
		92028F8926A956B300AFDDF5 /* SceneDelegate.swift */ = {isa = PBXFileReference; lastKnownFileType = sourcecode.swift; path = SceneDelegate.swift; sourceTree = "<group>"; };
		92028F8B26A956B300AFDDF5 /* ProductListViewController.swift */ = {isa = PBXFileReference; lastKnownFileType = sourcecode.swift; path = ProductListViewController.swift; sourceTree = "<group>"; };
		92028F8E26A956B300AFDDF5 /* Base */ = {isa = PBXFileReference; lastKnownFileType = file.storyboard; name = Base; path = Base.lproj/Main.storyboard; sourceTree = "<group>"; };
		92028F9026A956B400AFDDF5 /* Assets.xcassets */ = {isa = PBXFileReference; lastKnownFileType = folder.assetcatalog; path = Assets.xcassets; sourceTree = "<group>"; };
		92028F9326A956B400AFDDF5 /* Base */ = {isa = PBXFileReference; lastKnownFileType = file.storyboard; name = Base; path = Base.lproj/LaunchScreen.storyboard; sourceTree = "<group>"; };
		92028F9526A956B400AFDDF5 /* Info.plist */ = {isa = PBXFileReference; lastKnownFileType = text.plist.xml; path = Info.plist; sourceTree = "<group>"; };
		92028F9C26A9570500AFDDF5 /* ProductModel.swift */ = {isa = PBXFileReference; lastKnownFileType = sourcecode.swift; path = ProductModel.swift; sourceTree = "<group>"; };
		92028F9F26A95B0100AFDDF5 /* NetworkManager.swift */ = {isa = PBXFileReference; lastKnownFileType = sourcecode.swift; path = NetworkManager.swift; sourceTree = "<group>"; };
		92028FA126A9612800AFDDF5 /* ProductCell.swift */ = {isa = PBXFileReference; lastKnownFileType = sourcecode.swift; path = ProductCell.swift; sourceTree = "<group>"; };
		92D2436A26B7D6E400EC63A5 /* ProductViewModel.swift */ = {isa = PBXFileReference; lastKnownFileType = sourcecode.swift; path = ProductViewModel.swift; sourceTree = "<group>"; };
		92E614F926BA7DC8009DBB2A /* UIImageView + ImageDownload.swift */ = {isa = PBXFileReference; lastKnownFileType = sourcecode.swift; path = "UIImageView + ImageDownload.swift"; sourceTree = "<group>"; };
		92E614FB26BA7E3F009DBB2A /* String + StrikeThroughLabel.swift */ = {isa = PBXFileReference; lastKnownFileType = sourcecode.swift; path = "String + StrikeThroughLabel.swift"; sourceTree = "<group>"; };
		92E614FD26BA7ECA009DBB2A /* ProductCellViewModel.swift */ = {isa = PBXFileReference; lastKnownFileType = sourcecode.swift; path = ProductCellViewModel.swift; sourceTree = "<group>"; };
/* End PBXFileReference section */

/* Begin PBXFrameworksBuildPhase section */
		92028F8126A956B300AFDDF5 /* Frameworks */ = {
			isa = PBXFrameworksBuildPhase;
			buildActionMask = 2147483647;
			files = (
			);
			runOnlyForDeploymentPostprocessing = 0;
		};
/* End PBXFrameworksBuildPhase section */

/* Begin PBXGroup section */
		92028F7B26A956B300AFDDF5 = {
			isa = PBXGroup;
			children = (
				92028F8626A956B300AFDDF5 /* ProductUI */,
				92028F8526A956B300AFDDF5 /* Products */,
			);
			sourceTree = "<group>";
		};
		92028F8526A956B300AFDDF5 /* Products */ = {
			isa = PBXGroup;
			children = (
				92028F8426A956B300AFDDF5 /* ProductUI.app */,
			);
			name = Products;
			sourceTree = "<group>";
		};
		92028F8626A956B300AFDDF5 /* ProductUI */ = {
			isa = PBXGroup;
			children = (
				92028F8726A956B300AFDDF5 /* AppDelegate.swift */,
				92028F8926A956B300AFDDF5 /* SceneDelegate.swift */,
				92028F8D26A956B300AFDDF5 /* Main.storyboard */,
				92E614F826BA7D9D009DBB2A /* Extension */,
				9240877D26B80D9000839225 /* View */,
				92D2436C26B7DAA200EC63A5 /* View Model */,
				92028F9B26A956EA00AFDDF5 /* Model */,
				92028F9E26A95AEF00AFDDF5 /* NetworkManager */,
				92028F9026A956B400AFDDF5 /* Assets.xcassets */,
				92028F9226A956B400AFDDF5 /* LaunchScreen.storyboard */,
				92028F9526A956B400AFDDF5 /* Info.plist */,
			);
			path = ProductUI;
			sourceTree = "<group>";
		};
		92028F9B26A956EA00AFDDF5 /* Model */ = {
			isa = PBXGroup;
			children = (
				92028F9C26A9570500AFDDF5 /* ProductModel.swift */,
			);
			path = Model;
			sourceTree = "<group>";
		};
		92028F9E26A95AEF00AFDDF5 /* NetworkManager */ = {
			isa = PBXGroup;
			children = (
				92028F9F26A95B0100AFDDF5 /* NetworkManager.swift */,
			);
			path = NetworkManager;
			sourceTree = "<group>";
		};
		9240877D26B80D9000839225 /* View */ = {
			isa = PBXGroup;
			children = (
				92028FA126A9612800AFDDF5 /* ProductCell.swift */,
				92028F8B26A956B300AFDDF5 /* ProductListViewController.swift */,
			);
			path = View;
			sourceTree = "<group>";
		};
		92D2436C26B7DAA200EC63A5 /* View Model */ = {
			isa = PBXGroup;
			children = (
				92D2436A26B7D6E400EC63A5 /* ProductViewModel.swift */,
				92E614FD26BA7ECA009DBB2A /* ProductCellViewModel.swift */,
			);
			path = "View Model";
			sourceTree = "<group>";
		};
		92E614F826BA7D9D009DBB2A /* Extension */ = {
			isa = PBXGroup;
			children = (
				92E614F926BA7DC8009DBB2A /* UIImageView + ImageDownload.swift */,
				92E614FB26BA7E3F009DBB2A /* String + StrikeThroughLabel.swift */,
			);
			path = Extension;
			sourceTree = "<group>";
		};
/* End PBXGroup section */

/* Begin PBXNativeTarget section */
		92028F8326A956B300AFDDF5 /* ProductUI */ = {
			isa = PBXNativeTarget;
			buildConfigurationList = 92028F9826A956B400AFDDF5 /* Build configuration list for PBXNativeTarget "ProductUI" */;
			buildPhases = (
				92028F8026A956B300AFDDF5 /* Sources */,
				92028F8126A956B300AFDDF5 /* Frameworks */,
				92028F8226A956B300AFDDF5 /* Resources */,
			);
			buildRules = (
			);
			dependencies = (
			);
			name = ProductUI;
			productName = ProductUI;
			productReference = 92028F8426A956B300AFDDF5 /* ProductUI.app */;
			productType = "com.apple.product-type.application";
		};
/* End PBXNativeTarget section */

/* Begin PBXProject section */
		92028F7C26A956B300AFDDF5 /* Project object */ = {
			isa = PBXProject;
			attributes = {
				LastSwiftUpdateCheck = 1250;
				LastUpgradeCheck = 1250;
				TargetAttributes = {
					92028F8326A956B300AFDDF5 = {
						CreatedOnToolsVersion = 12.5;
					};
				};
			};
			buildConfigurationList = 92028F7F26A956B300AFDDF5 /* Build configuration list for PBXProject "ProductUI" */;
			compatibilityVersion = "Xcode 9.3";
			developmentRegion = en;
			hasScannedForEncodings = 0;
			knownRegions = (
				en,
				Base,
			);
			mainGroup = 92028F7B26A956B300AFDDF5;
			productRefGroup = 92028F8526A956B300AFDDF5 /* Products */;
			projectDirPath = "";
			projectRoot = "";
			targets = (
				92028F8326A956B300AFDDF5 /* ProductUI */,
			);
		};
/* End PBXProject section */

/* Begin PBXResourcesBuildPhase section */
		92028F8226A956B300AFDDF5 /* Resources */ = {
			isa = PBXResourcesBuildPhase;
			buildActionMask = 2147483647;
			files = (
				92028F9426A956B400AFDDF5 /* LaunchScreen.storyboard in Resources */,
				92028F9126A956B400AFDDF5 /* Assets.xcassets in Resources */,
				92028F8F26A956B300AFDDF5 /* Main.storyboard in Resources */,
			);
			runOnlyForDeploymentPostprocessing = 0;
		};
/* End PBXResourcesBuildPhase section */

/* Begin PBXSourcesBuildPhase section */
		92028F8026A956B300AFDDF5 /* Sources */ = {
			isa = PBXSourcesBuildPhase;
			buildActionMask = 2147483647;
			files = (
				92028FA226A9612800AFDDF5 /* ProductCell.swift in Sources */,
				92E614FC26BA7E3F009DBB2A /* String + StrikeThroughLabel.swift in Sources */,
				92028F8C26A956B300AFDDF5 /* ProductListViewController.swift in Sources */,
				92E614FA26BA7DC8009DBB2A /* UIImageView + ImageDownload.swift in Sources */,
				92E614FE26BA7ECA009DBB2A /* ProductCellViewModel.swift in Sources */,
				92028F8826A956B300AFDDF5 /* AppDelegate.swift in Sources */,
				92028FA026A95B0100AFDDF5 /* NetworkManager.swift in Sources */,
				92028F8A26A956B300AFDDF5 /* SceneDelegate.swift in Sources */,
				92028F9D26A9570500AFDDF5 /* ProductModel.swift in Sources */,
				92D2436B26B7D6E400EC63A5 /* ProductViewModel.swift in Sources */,
			);
			runOnlyForDeploymentPostprocessing = 0;
		};
/* End PBXSourcesBuildPhase section */

/* Begin PBXVariantGroup section */
		92028F8D26A956B300AFDDF5 /* Main.storyboard */ = {
			isa = PBXVariantGroup;
			children = (
				92028F8E26A956B300AFDDF5 /* Base */,
			);
			name = Main.storyboard;
			sourceTree = "<group>";
		};
		92028F9226A956B400AFDDF5 /* LaunchScreen.storyboard */ = {
			isa = PBXVariantGroup;
			children = (
				92028F9326A956B400AFDDF5 /* Base */,
			);
			name = LaunchScreen.storyboard;
			sourceTree = "<group>";
		};
/* End PBXVariantGroup section */

/* Begin XCBuildConfiguration section */
		92028F9626A956B400AFDDF5 /* Debug */ = {
			isa = XCBuildConfiguration;
			buildSettings = {
				ALWAYS_SEARCH_USER_PATHS = NO;
				CLANG_ANALYZER_NONNULL = YES;
				CLANG_ANALYZER_NUMBER_OBJECT_CONVERSION = YES_AGGRESSIVE;
				CLANG_CXX_LANGUAGE_STANDARD = "gnu++14";
				CLANG_CXX_LIBRARY = "libc++";
				CLANG_ENABLE_MODULES = YES;
				CLANG_ENABLE_OBJC_ARC = YES;
				CLANG_ENABLE_OBJC_WEAK = YES;
				CLANG_WARN_BLOCK_CAPTURE_AUTORELEASING = YES;
				CLANG_WARN_BOOL_CONVERSION = YES;
				CLANG_WARN_COMMA = YES;
				CLANG_WARN_CONSTANT_CONVERSION = YES;
				CLANG_WARN_DEPRECATED_OBJC_IMPLEMENTATIONS = YES;
				CLANG_WARN_DIRECT_OBJC_ISA_USAGE = YES_ERROR;
				CLANG_WARN_DOCUMENTATION_COMMENTS = YES;
				CLANG_WARN_EMPTY_BODY = YES;
				CLANG_WARN_ENUM_CONVERSION = YES;
				CLANG_WARN_INFINITE_RECURSION = YES;
				CLANG_WARN_INT_CONVERSION = YES;
				CLANG_WARN_NON_LITERAL_NULL_CONVERSION = YES;
				CLANG_WARN_OBJC_IMPLICIT_RETAIN_SELF = YES;
				CLANG_WARN_OBJC_LITERAL_CONVERSION = YES;
				CLANG_WARN_OBJC_ROOT_CLASS = YES_ERROR;
				CLANG_WARN_QUOTED_INCLUDE_IN_FRAMEWORK_HEADER = YES;
				CLANG_WARN_RANGE_LOOP_ANALYSIS = YES;
				CLANG_WARN_STRICT_PROTOTYPES = YES;
				CLANG_WARN_SUSPICIOUS_MOVE = YES;
				CLANG_WARN_UNGUARDED_AVAILABILITY = YES_AGGRESSIVE;
				CLANG_WARN_UNREACHABLE_CODE = YES;
				CLANG_WARN__DUPLICATE_METHOD_MATCH = YES;
				COPY_PHASE_STRIP = NO;
				DEBUG_INFORMATION_FORMAT = dwarf;
				ENABLE_STRICT_OBJC_MSGSEND = YES;
				ENABLE_TESTABILITY = YES;
				GCC_C_LANGUAGE_STANDARD = gnu11;
				GCC_DYNAMIC_NO_PIC = NO;
				GCC_NO_COMMON_BLOCKS = YES;
				GCC_OPTIMIZATION_LEVEL = 0;
				GCC_PREPROCESSOR_DEFINITIONS = (
					"DEBUG=1",
					"$(inherited)",
				);
				GCC_WARN_64_TO_32_BIT_CONVERSION = YES;
				GCC_WARN_ABOUT_RETURN_TYPE = YES_ERROR;
				GCC_WARN_UNDECLARED_SELECTOR = YES;
				GCC_WARN_UNINITIALIZED_AUTOS = YES_AGGRESSIVE;
				GCC_WARN_UNUSED_FUNCTION = YES;
				GCC_WARN_UNUSED_VARIABLE = YES;
				IPHONEOS_DEPLOYMENT_TARGET = 14.5;
				MTL_ENABLE_DEBUG_INFO = INCLUDE_SOURCE;
				MTL_FAST_MATH = YES;
				ONLY_ACTIVE_ARCH = YES;
				SDKROOT = iphoneos;
				SWIFT_ACTIVE_COMPILATION_CONDITIONS = DEBUG;
				SWIFT_OPTIMIZATION_LEVEL = "-Onone";
			};
			name = Debug;
		};
		92028F9726A956B400AFDDF5 /* Release */ = {
			isa = XCBuildConfiguration;
			buildSettings = {
				ALWAYS_SEARCH_USER_PATHS = NO;
				CLANG_ANALYZER_NONNULL = YES;
				CLANG_ANALYZER_NUMBER_OBJECT_CONVERSION = YES_AGGRESSIVE;
				CLANG_CXX_LANGUAGE_STANDARD = "gnu++14";
				CLANG_CXX_LIBRARY = "libc++";
				CLANG_ENABLE_MODULES = YES;
				CLANG_ENABLE_OBJC_ARC = YES;
				CLANG_ENABLE_OBJC_WEAK = YES;
				CLANG_WARN_BLOCK_CAPTURE_AUTORELEASING = YES;
				CLANG_WARN_BOOL_CONVERSION = YES;
				CLANG_WARN_COMMA = YES;
				CLANG_WARN_CONSTANT_CONVERSION = YES;
				CLANG_WARN_DEPRECATED_OBJC_IMPLEMENTATIONS = YES;
				CLANG_WARN_DIRECT_OBJC_ISA_USAGE = YES_ERROR;
				CLANG_WARN_DOCUMENTATION_COMMENTS = YES;
				CLANG_WARN_EMPTY_BODY = YES;
				CLANG_WARN_ENUM_CONVERSION = YES;
				CLANG_WARN_INFINITE_RECURSION = YES;
				CLANG_WARN_INT_CONVERSION = YES;
				CLANG_WARN_NON_LITERAL_NULL_CONVERSION = YES;
				CLANG_WARN_OBJC_IMPLICIT_RETAIN_SELF = YES;
				CLANG_WARN_OBJC_LITERAL_CONVERSION = YES;
				CLANG_WARN_OBJC_ROOT_CLASS = YES_ERROR;
				CLANG_WARN_QUOTED_INCLUDE_IN_FRAMEWORK_HEADER = YES;
				CLANG_WARN_RANGE_LOOP_ANALYSIS = YES;
				CLANG_WARN_STRICT_PROTOTYPES = YES;
				CLANG_WARN_SUSPICIOUS_MOVE = YES;
				CLANG_WARN_UNGUARDED_AVAILABILITY = YES_AGGRESSIVE;
				CLANG_WARN_UNREACHABLE_CODE = YES;
				CLANG_WARN__DUPLICATE_METHOD_MATCH = YES;
				COPY_PHASE_STRIP = NO;
				DEBUG_INFORMATION_FORMAT = "dwarf-with-dsym";
				ENABLE_NS_ASSERTIONS = NO;
				ENABLE_STRICT_OBJC_MSGSEND = YES;
				GCC_C_LANGUAGE_STANDARD = gnu11;
				GCC_NO_COMMON_BLOCKS = YES;
				GCC_WARN_64_TO_32_BIT_CONVERSION = YES;
				GCC_WARN_ABOUT_RETURN_TYPE = YES_ERROR;
				GCC_WARN_UNDECLARED_SELECTOR = YES;
				GCC_WARN_UNINITIALIZED_AUTOS = YES_AGGRESSIVE;
				GCC_WARN_UNUSED_FUNCTION = YES;
				GCC_WARN_UNUSED_VARIABLE = YES;
				IPHONEOS_DEPLOYMENT_TARGET = 14.5;
				MTL_ENABLE_DEBUG_INFO = NO;
				MTL_FAST_MATH = YES;
				SDKROOT = iphoneos;
				SWIFT_COMPILATION_MODE = wholemodule;
				SWIFT_OPTIMIZATION_LEVEL = "-O";
				VALIDATE_PRODUCT = YES;
			};
			name = Release;
		};
		92028F9926A956B400AFDDF5 /* Debug */ = {
			isa = XCBuildConfiguration;
			buildSettings = {
				ASSETCATALOG_COMPILER_APPICON_NAME = AppIcon;
				ASSETCATALOG_COMPILER_GLOBAL_ACCENT_COLOR_NAME = AccentColor;
				CODE_SIGN_STYLE = Automatic;
				INFOPLIST_FILE = ProductUI/Info.plist;
				LD_RUNPATH_SEARCH_PATHS = (
					"$(inherited)",
					"@executable_path/Frameworks",
				);
				PRODUCT_BUNDLE_IDENTIFIER = "com.example.apple-sampleCode.ProductUI";
				PRODUCT_NAME = "$(TARGET_NAME)";
				SWIFT_VERSION = 5.0;
				TARGETED_DEVICE_FAMILY = "1,2";
			};
			name = Debug;
		};
		92028F9A26A956B400AFDDF5 /* Release */ = {
			isa = XCBuildConfiguration;
			buildSettings = {
				ASSETCATALOG_COMPILER_APPICON_NAME = AppIcon;
				ASSETCATALOG_COMPILER_GLOBAL_ACCENT_COLOR_NAME = AccentColor;
				CODE_SIGN_STYLE = Automatic;
				INFOPLIST_FILE = ProductUI/Info.plist;
				LD_RUNPATH_SEARCH_PATHS = (
					"$(inherited)",
					"@executable_path/Frameworks",
				);
				PRODUCT_BUNDLE_IDENTIFIER = "com.example.apple-sampleCode.ProductUI";
				PRODUCT_NAME = "$(TARGET_NAME)";
				SWIFT_VERSION = 5.0;
				TARGETED_DEVICE_FAMILY = "1,2";
			};
			name = Release;
		};
/* End XCBuildConfiguration section */

/* Begin XCConfigurationList section */
		92028F7F26A956B300AFDDF5 /* Build configuration list for PBXProject "ProductUI" */ = {
			isa = XCConfigurationList;
			buildConfigurations = (
				92028F9626A956B400AFDDF5 /* Debug */,
				92028F9726A956B400AFDDF5 /* Release */,
			);
			defaultConfigurationIsVisible = 0;
			defaultConfigurationName = Release;
		};
		92028F9826A956B400AFDDF5 /* Build configuration list for PBXNativeTarget "ProductUI" */ = {
			isa = XCConfigurationList;
			buildConfigurations = (
				92028F9926A956B400AFDDF5 /* Debug */,
				92028F9A26A956B400AFDDF5 /* Release */,
			);
			defaultConfigurationIsVisible = 0;
			defaultConfigurationName = Release;
		};
/* End XCConfigurationList section */
	};
	rootObject = 92028F7C26A956B300AFDDF5 /* Project object */;
}
